<?xml version="1.0" encoding="UTF-8" standalone="yes" ?>
<CodeBlocks_project_file>
	<FileVersion major="1" minor="6" />
	<Project>
		<Option title="ordenacaoArvores" />
		<Option pch_mode="2" />
		<Option compiler="gcc" />
		<Build>
			<Target title="Debug">
				<Option output="bin/Debug/projetoed2" prefix_auto="1" extension_auto="1" />
				<Option object_output="obj/Debug/" />
				<Option type="1" />
				<Option compiler="gcc" />
				<Compiler>
					<Add option="-g" />
				</Compiler>
			</Target>
			<Target title="Release">
				<Option output="bin/Release/projetoed2" prefix_auto="1" extension_auto="1" />
				<Option object_output="obj/Release/" />
				<Option type="1" />
				<Option compiler="gcc" />
				<Compiler>
					<Add option="-O2" />
				</Compiler>
				<Linker>
					<Add option="-s" />
				</Linker>
			</Target>
		</Build>
		<Compiler>
			<Add option="-Wall" />
		</Compiler>
		<Unit filename="Arquivos.c">
			<Option compilerVar="CC" />
		</Unit>
		<Unit filename="Arquivos.h" />
		<Unit filename="Arvores/arvoreAVL.c">
			<Option compilerVar="CC" />
		</Unit>
		<Unit filename="Arvores/arvoreAVL.h" />
		<Unit filename="Arvores/arvoreLLRB.c">
			<Option compilerVar="CC" />
		</Unit>
		<Unit filename="Arvores/arvoreLLRB.h" />
		<Unit filename="Estrutura.c">
			<Option compilerVar="CC" />
		</Unit>
		<Unit filename="Estrutura.h" />
		<Unit filename="LibFuncoes.c">
			<Option compilerVar="CC" />
		</Unit>
		<Unit filename="Ordenador/quick.c">
			<Option compilerVar="CC" />
		</Unit>
		<Unit filename="Ordenador/quick.h" />
		<Unit filename="libFuncoes.h" />
		<Unit filename="main.c">
			<Option compilerVar="CC" />
		</Unit>
		<Unit filename="time/tempo.c">
			<Option compilerVar="CC" />
		</Unit>
		<Unit filename="time/tempo.h" />
		<Extensions>
			<code_completion />
			<envvars />
			<debugger />
		</Extensions>
	</Project>
</CodeBlocks_project_file>
